
Microsoft Visual Studio Solution File, Format Version 12.00
# Visual Studio 15
VisualStudioVersion = 15.0.27130.2003
MinimumVisualStudioVersion = 10.0.40219.1
Project("{FAE04EC0-301F-11D3-BF4B-00C04F79EFBC}") = "Angula2MVC", "Angula2MVC\Angula2MVC.csproj", "{89D90B5D-BF57-41EC-9965-70090B00B7D4}"
EndProject
Global
	GlobalSection(SolutionConfigurationPlatforms) = preSolution
		Debug|Any CPU = Debug|Any CPU
		Release|Any CPU = Release|Any CPU
	EndGlobalSection
	GlobalSection(ProjectConfigurationPlatforms) = postSolution
		{89D90B5D-BF57-41EC-9965-70090B00B7D4}.Debug|Any CPU.ActiveCfg = Debug|Any CPU
		{89D90B5D-BF57-41EC-9965-70090B00B7D4}.Debug|Any CPU.Build.0 = Debug|Any CPU
		{89D90B5D-BF57-41EC-9965-70090B00B7D4}.Release|Any CPU.ActiveCfg = Release|Any CPU
		{89D90B5D-BF57-41EC-9965-70090B00B7D4}.Release|Any CPU.Build.0 = Release|Any CPU
	EndGlobalSection
	GlobalSection(SolutionProperties) = preSolution
		HideSolutionNode = FALSE
	EndGlobalSection
	GlobalSection(ExtensibilityGlobals) = postSolution
		SolutionGuid = {2C7F4460-81F1-4B9F-ADA0-1514848540B4}
	EndGlobalSection
EndGlobal
